
Microsoft Visual Studio Solution File, Format Version 12.00
# Visual Studio Version 17
Project("{8BC9CEB8-8B4A-11D0-8D11-00A0C91BC942}") = "ALL_BUILD", "ALL_BUILD.vcxproj", "{32198365-2D81-3E31-A371-6E98AD87DC52}"
	ProjectSection(ProjectDependencies) = postProject
		{99F2FE9B-A536-3BB8-AF95-F8B1522F9983} = {99F2FE9B-A536-3BB8-AF95-F8B1522F9983}
		{6C108F77-5BFD-3E31-8EC5-5EEC6A8767D8} = {6C108F77-5BFD-3E31-8EC5-5EEC6A8767D8}
		{22F0926A-1139-3EC4-A54D-7D709A626A85} = {22F0926A-1139-3EC4-A54D-7D709A626A85}
	EndProjectSection
EndProject
Project("{8BC9CEB8-8B4A-11D0-8D11-00A0C91BC942}") = "ZERO_CHECK", "ZERO_CHECK.vcxproj", "{99F2FE9B-A536-3BB8-AF95-F8B1522F9983}"
	ProjectSection(ProjectDependencies) = postProject
	EndProjectSection
EndProject
Project("{8BC9CEB8-8B4A-11D0-8D11-00A0C91BC942}") = "test_xlog", "test_xlog.vcxproj", "{6C108F77-5BFD-3E31-8EC5-5EEC6A8767D8}"
	ProjectSection(ProjectDependencies) = postProject
		{99F2FE9B-A536-3BB8-AF95-F8B1522F9983} = {99F2FE9B-A536-3BB8-AF95-F8B1522F9983}
		{22F0926A-1139-3EC4-A54D-7D709A626A85} = {22F0926A-1139-3EC4-A54D-7D709A626A85}
	EndProjectSection
EndProject
Project("{8BC9CEB8-8B4A-11D0-8D11-00A0C91BC942}") = "xlog", "xlog.vcxproj", "{22F0926A-1139-3EC4-A54D-7D709A626A85}"
	ProjectSection(ProjectDependencies) = postProject
		{99F2FE9B-A536-3BB8-AF95-F8B1522F9983} = {99F2FE9B-A536-3BB8-AF95-F8B1522F9983}
	EndProjectSection
EndProject
Global
	GlobalSection(SolutionConfigurationPlatforms) = preSolution
		Debug|x64 = Debug|x64
		Release|x64 = Release|x64
		MinSizeRel|x64 = MinSizeRel|x64
		RelWithDebInfo|x64 = RelWithDebInfo|x64
	EndGlobalSection
	GlobalSection(ProjectConfigurationPlatforms) = postSolution
		{32198365-2D81-3E31-A371-6E98AD87DC52}.Debug|x64.ActiveCfg = Debug|x64
		{32198365-2D81-3E31-A371-6E98AD87DC52}.Release|x64.ActiveCfg = Release|x64
		{32198365-2D81-3E31-A371-6E98AD87DC52}.MinSizeRel|x64.ActiveCfg = MinSizeRel|x64
		{32198365-2D81-3E31-A371-6E98AD87DC52}.RelWithDebInfo|x64.ActiveCfg = RelWithDebInfo|x64
		{99F2FE9B-A536-3BB8-AF95-F8B1522F9983}.Debug|x64.ActiveCfg = Debug|x64
		{99F2FE9B-A536-3BB8-AF95-F8B1522F9983}.Debug|x64.Build.0 = Debug|x64
		{99F2FE9B-A536-3BB8-AF95-F8B1522F9983}.Release|x64.ActiveCfg = Release|x64
		{99F2FE9B-A536-3BB8-AF95-F8B1522F9983}.Release|x64.Build.0 = Release|x64
		{99F2FE9B-A536-3BB8-AF95-F8B1522F9983}.MinSizeRel|x64.ActiveCfg = MinSizeRel|x64
		{99F2FE9B-A536-3BB8-AF95-F8B1522F9983}.MinSizeRel|x64.Build.0 = MinSizeRel|x64
		{99F2FE9B-A536-3BB8-AF95-F8B1522F9983}.RelWithDebInfo|x64.ActiveCfg = RelWithDebInfo|x64
		{99F2FE9B-A536-3BB8-AF95-F8B1522F9983}.RelWithDebInfo|x64.Build.0 = RelWithDebInfo|x64
		{6C108F77-5BFD-3E31-8EC5-5EEC6A8767D8}.Debug|x64.ActiveCfg = Debug|x64
		{6C108F77-5BFD-3E31-8EC5-5EEC6A8767D8}.Debug|x64.Build.0 = Debug|x64
		{6C108F77-5BFD-3E31-8EC5-5EEC6A8767D8}.Release|x64.ActiveCfg = Release|x64
		{6C108F77-5BFD-3E31-8EC5-5EEC6A8767D8}.Release|x64.Build.0 = Release|x64
		{6C108F77-5BFD-3E31-8EC5-5EEC6A8767D8}.MinSizeRel|x64.ActiveCfg = MinSizeRel|x64
		{6C108F77-5BFD-3E31-8EC5-5EEC6A8767D8}.MinSizeRel|x64.Build.0 = MinSizeRel|x64
		{6C108F77-5BFD-3E31-8EC5-5EEC6A8767D8}.RelWithDebInfo|x64.ActiveCfg = RelWithDebInfo|x64
		{6C108F77-5BFD-3E31-8EC5-5EEC6A8767D8}.RelWithDebInfo|x64.Build.0 = RelWithDebInfo|x64
		{22F0926A-1139-3EC4-A54D-7D709A626A85}.Debug|x64.ActiveCfg = Debug|x64
		{22F0926A-1139-3EC4-A54D-7D709A626A85}.Debug|x64.Build.0 = Debug|x64
		{22F0926A-1139-3EC4-A54D-7D709A626A85}.Release|x64.ActiveCfg = Release|x64
		{22F0926A-1139-3EC4-A54D-7D709A626A85}.Release|x64.Build.0 = Release|x64
		{22F0926A-1139-3EC4-A54D-7D709A626A85}.MinSizeRel|x64.ActiveCfg = MinSizeRel|x64
		{22F0926A-1139-3EC4-A54D-7D709A626A85}.MinSizeRel|x64.Build.0 = MinSizeRel|x64
		{22F0926A-1139-3EC4-A54D-7D709A626A85}.RelWithDebInfo|x64.ActiveCfg = RelWithDebInfo|x64
		{22F0926A-1139-3EC4-A54D-7D709A626A85}.RelWithDebInfo|x64.Build.0 = RelWithDebInfo|x64
	EndGlobalSection
	GlobalSection(ExtensibilityGlobals) = postSolution
		SolutionGuid = {A90FD85A-3809-3A2E-95C1-EC9E6F14C6B9}
	EndGlobalSection
	GlobalSection(ExtensibilityAddIns) = postSolution
	EndGlobalSection
EndGlobal
