<?xml version="1.0" encoding="utf-8"?>
<Project ToolsVersion="17.0" xmlns="http://schemas.microsoft.com/developer/msbuild/2003">
  <ItemGroup>
    <ClCompile Include="D:\worksapce\cmake\106cmake_system_ver\xlog.cpp">
      <Filter>Source Files</Filter>
    </ClCompile>
  </ItemGroup>
  <ItemGroup>
    <ClInclude Include="D:\worksapce\cmake\106cmake_system_ver\xlog.h">
      <Filter>Header Files</Filter>
    </ClInclude>
  </ItemGroup>
  <ItemGroup>
    <CustomBuild Include="D:\worksapce\cmake\106cmake_system_ver\CMakeLists.txt" />
  </ItemGroup>
  <ItemGroup>
    <Filter Include="Header Files">
      <UniqueIdentifier>{FD9F4CF1-F4DC-3D15-B564-5FF01F93B5A6}</UniqueIdentifier>
    </Filter>
    <Filter Include="Source Files">
      <UniqueIdentifier>{E19F3C5A-E70A-3178-8CEC-CF76F85E88F2}</UniqueIdentifier>
    </Filter>
  </ItemGroup>
</Project>
