
Microsoft Visual Studio Solution File, Format Version 12.00
# Visual Studio Version 17
Project("{8BC9CEB8-8B4A-11D0-8D11-00A0C91BC942}") = "ALL_BUILD", "ALL_BUILD.vcxproj", "{95242F2A-D2B4-39A1-9D60-6B0DEB85EDF6}"
	ProjectSection(ProjectDependencies) = postProject
		{4658E69C-962F-37D5-912E-70B52BDE2504} = {4658E69C-962F-37D5-912E-70B52BDE2504}
		{5DAB79D4-9D0E-3653-B759-CB46F4973039} = {5DAB79D4-9D0E-3653-B759-CB46F4973039}
	EndProjectSection
EndProject
Project("{8BC9CEB8-8B4A-11D0-8D11-00A0C91BC942}") = "ZERO_CHECK", "ZERO_CHECK.vcxproj", "{4658E69C-962F-37D5-912E-70B52BDE2504}"
	ProjectSection(ProjectDependencies) = postProject
	EndProjectSection
EndProject
Project("{8BC9CEB8-8B4A-11D0-8D11-00A0C91BC942}") = "xlog", "xlog.vcxproj", "{5DAB79D4-9D0E-3653-B759-CB46F4973039}"
	ProjectSection(ProjectDependencies) = postProject
		{4658E69C-962F-37D5-912E-70B52BDE2504} = {4658E69C-962F-37D5-912E-70B52BDE2504}
	EndProjectSection
EndProject
Global
	GlobalSection(SolutionConfigurationPlatforms) = preSolution
		Debug|x64 = Debug|x64
		Release|x64 = Release|x64
		MinSizeRel|x64 = MinSizeRel|x64
		RelWithDebInfo|x64 = RelWithDebInfo|x64
	EndGlobalSection
	GlobalSection(ProjectConfigurationPlatforms) = postSolution
		{95242F2A-D2B4-39A1-9D60-6B0DEB85EDF6}.Debug|x64.ActiveCfg = Debug|x64
		{95242F2A-D2B4-39A1-9D60-6B0DEB85EDF6}.Release|x64.ActiveCfg = Release|x64
		{95242F2A-D2B4-39A1-9D60-6B0DEB85EDF6}.MinSizeRel|x64.ActiveCfg = MinSizeRel|x64
		{95242F2A-D2B4-39A1-9D60-6B0DEB85EDF6}.RelWithDebInfo|x64.ActiveCfg = RelWithDebInfo|x64
		{4658E69C-962F-37D5-912E-70B52BDE2504}.Debug|x64.ActiveCfg = Debug|x64
		{4658E69C-962F-37D5-912E-70B52BDE2504}.Debug|x64.Build.0 = Debug|x64
		{4658E69C-962F-37D5-912E-70B52BDE2504}.Release|x64.ActiveCfg = Release|x64
		{4658E69C-962F-37D5-912E-70B52BDE2504}.Release|x64.Build.0 = Release|x64
		{4658E69C-962F-37D5-912E-70B52BDE2504}.MinSizeRel|x64.ActiveCfg = MinSizeRel|x64
		{4658E69C-962F-37D5-912E-70B52BDE2504}.MinSizeRel|x64.Build.0 = MinSizeRel|x64
		{4658E69C-962F-37D5-912E-70B52BDE2504}.RelWithDebInfo|x64.ActiveCfg = RelWithDebInfo|x64
		{4658E69C-962F-37D5-912E-70B52BDE2504}.RelWithDebInfo|x64.Build.0 = RelWithDebInfo|x64
		{5DAB79D4-9D0E-3653-B759-CB46F4973039}.Debug|x64.ActiveCfg = Debug|x64
		{5DAB79D4-9D0E-3653-B759-CB46F4973039}.Debug|x64.Build.0 = Debug|x64
		{5DAB79D4-9D0E-3653-B759-CB46F4973039}.Release|x64.ActiveCfg = Release|x64
		{5DAB79D4-9D0E-3653-B759-CB46F4973039}.Release|x64.Build.0 = Release|x64
		{5DAB79D4-9D0E-3653-B759-CB46F4973039}.MinSizeRel|x64.ActiveCfg = MinSizeRel|x64
		{5DAB79D4-9D0E-3653-B759-CB46F4973039}.MinSizeRel|x64.Build.0 = MinSizeRel|x64
		{5DAB79D4-9D0E-3653-B759-CB46F4973039}.RelWithDebInfo|x64.ActiveCfg = RelWithDebInfo|x64
		{5DAB79D4-9D0E-3653-B759-CB46F4973039}.RelWithDebInfo|x64.Build.0 = RelWithDebInfo|x64
	EndGlobalSection
	GlobalSection(ExtensibilityGlobals) = postSolution
		SolutionGuid = {BEE2DE1E-84E7-3450-9DBE-C2037C2F002E}
	EndGlobalSection
	GlobalSection(ExtensibilityAddIns) = postSolution
	EndGlobalSection
EndGlobal
